{
  "name": "portfolio",
  "version": "0.1.0",
  "lockfileVersion": 3,
  "requires": true,
  "packages": {
    "": {
      "name": "portfolio",
      "version": "0.1.0",
      "license": "MIT",
      "dependencies": {
        "@giscus/react": "^3.0.0",
        "highlight.js": "^11.9.0",
        "react": "^18.3.1",
        "react-dom": "^18.3.1",
        "react-ga": "^3.3.1",
        "react-router-dom": "^6.24.0",
        "swiper": "^11.1.4"
      }
    },
    "node_modules/@giscus/react": {
      "version": "3.0.0",
      "resolved": "https://registry.npmjs.org/@giscus/react/-/react-3.0.0.tgz",
      "integrity": "sha512-hgCjLpg3Wgh8VbTF5p8ZLcIHI74wvDk1VIFv12+eKhenNVUDjgwNg2B1aq/3puyHOad47u/ZSyqiMtohjy/OOA==",
      "dependencies": {
        "giscus": "^1.5.0"
      },
      "peerDependencies": {
        "react": "^16 || ^17 || ^18",
        "react-dom": "^16 || ^17 || ^18"
      }
    },
    "node_modules/@lit-labs/ssr-dom-shim": {
      "version": "1.2.0",
      "resolved": "https://registry.npmjs.org/@lit-labs/ssr-dom-shim/-/ssr-dom-shim-1.2.0.tgz",
      "integrity": "sha512-yWJKmpGE6lUURKAaIltoPIE/wrbY3TEkqQt+X0m+7fQNnAv0keydnYvbiJFP1PnMhizmIWRWOG5KLhYyc/xl+g==",
      "license": "BSD-3-Clause"
    },
    "node_modules/@lit/reactive-element": {
      "version": "2.0.4",
      "resolved": "https://registry.npmjs.org/@lit/reactive-element/-/reactive-element-2.0.4.tgz",
      "integrity": "sha512-GFn91inaUa2oHLak8awSIigYz0cU0Payr1rcFsrkf5OJ5eSPxElyZfKh0f2p9FsTiZWXQdWGJeXZICEfXXYSXQ==",
      "license": "BSD-3-Clause",
      "dependencies": {
        "@lit-labs/ssr-dom-shim": "^1.2.0"
      }
    },
    "node_modules/@remix-run/router": {
      "version": "1.17.0",
      "resolved": "https://registry.npmjs.org/@remix-run/router/-/router-1.17.0.tgz",
      "integrity": "sha512-2D6XaHEVvkCn682XBnipbJjgZUU7xjLtA4dGJRBVUKpEaDYOZMENZoZjAOSb7qirxt5RupjzZxz4fK2FO+EFPw==",
      "license": "MIT",
      "engines": {
        "node": ">=14.0.0"
      }
    },
    "node_modules/@types/trusted-types": {
      "version": "2.0.7",
      "resolved": "https://registry.npmjs.org/@types/trusted-types/-/trusted-types-2.0.7.tgz",
      "integrity": "sha512-ScaPdn1dQczgbl0QFTeTOmVHFULt394XJgOQNoyVhZ6r2vLnMLJfBPd53SB52T/3G36VI1/g2MZaX0cwDuXsfw==",
      "license": "MIT"
    },
    "node_modules/giscus": {
      "version": "1.5.0",
      "resolved": "https://registry.npmjs.org/giscus/-/giscus-1.5.0.tgz",
      "integrity": "sha512-t3LL0qbSO3JXq3uyQeKpF5CegstGfKX/0gI6eDe1cmnI7D56R7j52yLdzw4pdKrg3VnufwCgCM3FDz7G1Qr6lg==",
      "license": "MIT",
      "dependencies": {
        "lit": "^3.1.2"
      }
    },
    "node_modules/highlight.js": {
      "version": "11.9.0",
      "resolved": "https://registry.npmjs.org/highlight.js/-/highlight.js-11.9.0.tgz",
      "integrity": "sha512-fJ7cW7fQGCYAkgv4CPfwFHrfd/cLS4Hau96JuJ+ZTOWhjnhoeN1ub1tFmALm/+lW5z4WCAuAV9bm05AP0mS6Gw==",
      "license": "BSD-3-Clause",
      "engines": {
        "node": ">=12.0.0"
      }
    },
    "node_modules/js-tokens": {
      "version": "4.0.0",
      "resolved": "https://registry.npmjs.org/js-tokens/-/js-tokens-4.0.0.tgz",
      "integrity": "sha512-RdJUflcE3cUzKiMqQgsCu06FPu9UdIJO0beYbPhHN4k6apgJtifcoCtT9bcxOpYBtpD2kCM6Sbzg4CausW/PKQ=="
    },
    "node_modules/lit": {
      "version": "3.1.4",
      "resolved": "https://registry.npmjs.org/lit/-/lit-3.1.4.tgz",
      "integrity": "sha512-q6qKnKXHy2g1kjBaNfcoLlgbI3+aSOZ9Q4tiGa9bGYXq5RBXxkVTqTIVmP2VWMp29L4GyvCFm8ZQ2o56eUAMyA==",
      "license": "BSD-3-Clause",
      "dependencies": {
        "@lit/reactive-element": "^2.0.4",
        "lit-element": "^4.0.4",
        "lit-html": "^3.1.2"
      }
    },
    "node_modules/lit-element": {
      "version": "4.0.6",
      "resolved": "https://registry.npmjs.org/lit-element/-/lit-element-4.0.6.tgz",
      "integrity": "sha512-U4sdJ3CSQip7sLGZ/uJskO5hGiqtlpxndsLr6mt3IQIjheg93UKYeGQjWMRql1s/cXNOaRrCzC2FQwjIwSUqkg==",
      "license": "BSD-3-Clause",
      "dependencies": {
        "@lit-labs/ssr-dom-shim": "^1.2.0",
        "@lit/reactive-element": "^2.0.4",
        "lit-html": "^3.1.2"
      }
    },
    "node_modules/lit-html": {
      "version": "3.1.4",
      "resolved": "https://registry.npmjs.org/lit-html/-/lit-html-3.1.4.tgz",
      "integrity": "sha512-yKKO2uVv7zYFHlWMfZmqc+4hkmSbFp8jgjdZY9vvR9jr4J8fH6FUMXhr+ljfELgmjpvlF7Z1SJ5n5/Jeqtc9YA==",
      "license": "BSD-3-Clause",
      "dependencies": {
        "@types/trusted-types": "^2.0.2"
      }
    },
    "node_modules/loose-envify": {
      "version": "1.4.0",
      "resolved": "https://registry.npmjs.org/loose-envify/-/loose-envify-1.4.0.tgz",
      "integrity": "sha512-lyuxPGr/Wfhrlem2CL/UcnUc1zcqKAImBDzukY7Y5F/yQiNdko6+fRLevlw1HgMySw7f611UIY408EtxRSoK3Q==",
      "dependencies": {
        "js-tokens": "^3.0.0 || ^4.0.0"
      },
      "bin": {
        "loose-envify": "cli.js"
      }
    },
    "node_modules/object-assign": {
      "version": "4.1.1",
      "resolved": "https://registry.npmjs.org/object-assign/-/object-assign-4.1.1.tgz",
      "integrity": "sha1-IQmtx5ZYh8/AXLvUQsrIv7s2CGM=",
      "peer": true,
      "engines": {
        "node": ">=0.10.0"
      }
    },
    "node_modules/prop-types": {
      "version": "15.8.1",
      "resolved": "https://registry.npmjs.org/prop-types/-/prop-types-15.8.1.tgz",
      "integrity": "sha512-oj87CgZICdulUohogVAR7AjlC0327U4el4L6eAvOqCeudMDVU0NThNaV+b9Df4dXgSP1gXMTnPdhfe/2qDH5cg==",
      "license": "MIT",
      "peer": true,
      "dependencies": {
        "loose-envify": "^1.4.0",
        "object-assign": "^4.1.1",
        "react-is": "^16.13.1"
      }
    },
    "node_modules/react": {
      "version": "18.3.1",
      "resolved": "https://registry.npmjs.org/react/-/react-18.3.1.tgz",
      "integrity": "sha512-wS+hAgJShR0KhEvPJArfuPVN1+Hz1t0Y6n5jLrGQbkb4urgPE/0Rve+1kMB1v/oWgHgm4WIcV+i7F2pTVj+2iQ==",
      "license": "MIT",
      "dependencies": {
        "loose-envify": "^1.1.0"
      },
      "engines": {
        "node": ">=0.10.0"
      }
    },
    "node_modules/react-dom": {
      "version": "18.3.1",
      "resolved": "https://registry.npmjs.org/react-dom/-/react-dom-18.3.1.tgz",
      "integrity": "sha512-5m4nQKp+rZRb09LNH59GM4BxTh9251/ylbKIbpe7TpGxfJ+9kv6BLkLBXIjjspbgbnIBNqlI23tRnTWT0snUIw==",
      "license": "MIT",
      "dependencies": {
        "loose-envify": "^1.1.0",
        "scheduler": "^0.23.2"
      },
      "peerDependencies": {
        "react": "^18.3.1"
      }
    },
    "node_modules/react-ga": {
      "version": "3.3.1",
      "resolved": "https://registry.npmjs.org/react-ga/-/react-ga-3.3.1.tgz",
      "integrity": "sha512-4Vc0W5EvXAXUN/wWyxvsAKDLLgtJ3oLmhYYssx+YzphJpejtOst6cbIHCIyF50Fdxuf5DDKqRYny24yJ2y7GFQ==",
      "license": "Apache-2.0",
      "peerDependencies": {
        "prop-types": "^15.6.0",
        "react": "^15.6.2 || ^16.0 || ^17 || ^18"
      }
    },
    "node_modules/react-is": {
      "version": "16.13.1",
      "resolved": "https://registry.npmjs.org/react-is/-/react-is-16.13.1.tgz",
      "integrity": "sha512-24e6ynE2H+OKt4kqsOvNd8kBpV65zoxbA4BVsEOB3ARVWQki/DHzaUoC5KuON/BiccDaCCTZBuOcfZs70kR8bQ==",
      "license": "MIT",
      "peer": true
    },
    "node_modules/react-router": {
      "version": "6.24.0",
      "resolved": "https://registry.npmjs.org/react-router/-/react-router-6.24.0.tgz",
      "integrity": "sha512-sQrgJ5bXk7vbcC4BxQxeNa5UmboFm35we1AFK0VvQaz9g0LzxEIuLOhHIoZ8rnu9BO21ishGeL9no1WB76W/eg==",
      "license": "MIT",
      "dependencies": {
        "@remix-run/router": "1.17.0"
      },
      "engines": {
        "node": ">=14.0.0"
      },
      "peerDependencies": {
        "react": ">=16.8"
      }
    },
    "node_modules/react-router-dom": {
      "version": "6.24.0",
      "resolved": "https://registry.npmjs.org/react-router-dom/-/react-router-dom-6.24.0.tgz",
      "integrity": "sha512-960sKuau6/yEwS8e+NVEidYQb1hNjAYM327gjEyXlc6r3Skf2vtwuJ2l7lssdegD2YjoKG5l8MsVyeTDlVeY8g==",
      "license": "MIT",
      "dependencies": {
        "@remix-run/router": "1.17.0",
        "react-router": "6.24.0"
      },
      "engines": {
        "node": ">=14.0.0"
      },
      "peerDependencies": {
        "react": ">=16.8",
        "react-dom": ">=16.8"
      }
    },
    "node_modules/scheduler": {
      "version": "0.23.2",
      "resolved": "https://registry.npmjs.org/scheduler/-/scheduler-0.23.2.tgz",
      "integrity": "sha512-UOShsPwz7NrMUqhR6t0hWjFduvOzbtv7toDH1/hIrfRNIDBnnBWd0CwJTGvTpngVlmwGCdP9/Zl/tVrDqcuYzQ==",
      "license": "MIT",
      "dependencies": {
        "loose-envify": "^1.1.0"
      }
    },
    "node_modules/swiper": {
      "version": "11.1.4",
      "resolved": "https://registry.npmjs.org/swiper/-/swiper-11.1.4.tgz",
      "integrity": "sha512-1n7kbYJB2dFEpUHRFszq7gys/ofIBrMNibwTiMvPHwneKND/t9kImnHt6CfGPScMHgI+dWMbGTycCKGMoOO1KA==",
      "funding": [
        {
          "type": "patreon",
          "url": "https://www.patreon.com/swiperjs"
        },
        {
          "type": "open_collective",
          "url": "http://opencollective.com/swiper"
        }
      ],
      "license": "MIT",
      "engines": {
        "node": ">= 4.7.0"
      }
    }
  }
}
